
Microsoft Visual Studio Solution File, Format Version 12.00
# Visual Studio Version 16
VisualStudioVersion = 16.0.30204.135
MinimumVisualStudioVersion = 10.0.40219.1
Project("{FAE04EC0-301F-11D3-BF4B-00C04F79EFBC}") = "BlazorShop.Server", "BlazorShop\Server\BlazorShop.Server.csproj", "{DDC37114-72ED-4E0E-A8DE-F4436AECE585}"
EndProject
Project("{FAE04EC0-301F-11D3-BF4B-00C04F79EFBC}") = "BlazorShop.Client", "BlazorShop\Client\BlazorShop.Client.csproj", "{243FDFB4-9862-4D28-8E5C-AED2AF1F2BF1}"
EndProject
Project("{FAE04EC0-301F-11D3-BF4B-00C04F79EFBC}") = "BlazorShop.Shared", "BlazorShop\Shared\BlazorShop.Shared.csproj", "{955B02EA-30C3-4EAF-95C5-20ED39034651}"
EndProject
Global
	GlobalSection(SolutionConfigurationPlatforms) = preSolution
		Debug|Any CPU = Debug|Any CPU
		Release|Any CPU = Release|Any CPU
	EndGlobalSection
	GlobalSection(ProjectConfigurationPlatforms) = postSolution
		{DDC37114-72ED-4E0E-A8DE-F4436AECE585}.Debug|Any CPU.ActiveCfg = Debug|Any CPU
		{DDC37114-72ED-4E0E-A8DE-F4436AECE585}.Debug|Any CPU.Build.0 = Debug|Any CPU
		{DDC37114-72ED-4E0E-A8DE-F4436AECE585}.Release|Any CPU.ActiveCfg = Release|Any CPU
		{DDC37114-72ED-4E0E-A8DE-F4436AECE585}.Release|Any CPU.Build.0 = Release|Any CPU
		{243FDFB4-9862-4D28-8E5C-AED2AF1F2BF1}.Debug|Any CPU.ActiveCfg = Debug|Any CPU
		{243FDFB4-9862-4D28-8E5C-AED2AF1F2BF1}.Debug|Any CPU.Build.0 = Debug|Any CPU
		{243FDFB4-9862-4D28-8E5C-AED2AF1F2BF1}.Release|Any CPU.ActiveCfg = Release|Any CPU
		{243FDFB4-9862-4D28-8E5C-AED2AF1F2BF1}.Release|Any CPU.Build.0 = Release|Any CPU
		{955B02EA-30C3-4EAF-95C5-20ED39034651}.Debug|Any CPU.ActiveCfg = Debug|Any CPU
		{955B02EA-30C3-4EAF-95C5-20ED39034651}.Debug|Any CPU.Build.0 = Debug|Any CPU
		{955B02EA-30C3-4EAF-95C5-20ED39034651}.Release|Any CPU.ActiveCfg = Release|Any CPU
		{955B02EA-30C3-4EAF-95C5-20ED39034651}.Release|Any CPU.Build.0 = Release|Any CPU
	EndGlobalSection
	GlobalSection(SolutionProperties) = preSolution
		HideSolutionNode = FALSE
	EndGlobalSection
	GlobalSection(ExtensibilityGlobals) = postSolution
		SolutionGuid = {79A7279D-2A3D-4C48-AF0B-3EA06F8076AF}
	EndGlobalSection
EndGlobal
